// !$*UTF8*$!
{
	archiveVersion = 1;
	classes = {
	};
	objectVersion = 46;
	objects = {

/* Begin PBXBuildFile section */
		B7358B851433D36700B7EAFF /* UIKit.framework in Frameworks */ = {isa = PBXBuildFile; fileRef = B7358B841433D36700B7EAFF /* UIKit.framework */; };
		B7358B871433D36700B7EAFF /* Foundation.framework in Frameworks */ = {isa = PBXBuildFile; fileRef = B7358B861433D36700B7EAFF /* Foundation.framework */; };
		B7358B891433D36700B7EAFF /* CoreGraphics.framework in Frameworks */ = {isa = PBXBuildFile; fileRef = B7358B881433D36700B7EAFF /* CoreGraphics.framework */; };
		B795DCF6143E6FDA0034C624 /* InfoPlist.strings in Resources */ = {isa = PBXBuildFile; fileRef = B795DCE9143E6FDA0034C624 /* InfoPlist.strings */; };
		B795DCF7143E6FDA0034C624 /* MainWindow.xib in Resources */ = {isa = PBXBuildFile; fileRef = B795DCEB143E6FDA0034C624 /* MainWindow.xib */; };
		B795DCF8143E6FDA0034C624 /* TallyLabelExampleViewController.xib in Resources */ = {isa = PBXBuildFile; fileRef = B795DCED143E6FDA0034C624 /* TallyLabelExampleViewController.xib */; };
		B795DCF9143E6FDA0034C624 /* main.m in Sources */ = {isa = PBXBuildFile; fileRef = B795DCEF143E6FDA0034C624 /* main.m */; };
		B795DCFA143E6FDA0034C624 /* TallyLabelExample-Info.plist in Resources */ = {isa = PBXBuildFile; fileRef = B795DCF0143E6FDA0034C624 /* TallyLabelExample-Info.plist */; };
		B795DCFB143E6FDA0034C624 /* TallyLabelExampleAppDelegate.m in Sources */ = {isa = PBXBuildFile; fileRef = B795DCF3143E6FDA0034C624 /* TallyLabelExampleAppDelegate.m */; };
		B795DCFC143E6FDA0034C624 /* TallyLabelExampleViewController.m in Sources */ = {isa = PBXBuildFile; fileRef = B795DCF5143E6FDA0034C624 /* TallyLabelExampleViewController.m */; };
		B7E6CEFA14354B4900DC8AD2 /* TallyLabel.m in Sources */ = {isa = PBXBuildFile; fileRef = B7E6CEF914354B4900DC8AD2 /* TallyLabel.m */; };
/* End PBXBuildFile section */

/* Begin PBXFileReference section */
		B7358B801433D36700B7EAFF /* TallyLabelExample.app */ = {isa = PBXFileReference; explicitFileType = wrapper.application; includeInIndex = 0; path = TallyLabelExample.app; sourceTree = BUILT_PRODUCTS_DIR; };
		B7358B841433D36700B7EAFF /* UIKit.framework */ = {isa = PBXFileReference; lastKnownFileType = wrapper.framework; name = UIKit.framework; path = System/Library/Frameworks/UIKit.framework; sourceTree = SDKROOT; };
		B7358B861433D36700B7EAFF /* Foundation.framework */ = {isa = PBXFileReference; lastKnownFileType = wrapper.framework; name = Foundation.framework; path = System/Library/Frameworks/Foundation.framework; sourceTree = SDKROOT; };
		B7358B881433D36700B7EAFF /* CoreGraphics.framework */ = {isa = PBXFileReference; lastKnownFileType = wrapper.framework; name = CoreGraphics.framework; path = System/Library/Frameworks/CoreGraphics.framework; sourceTree = SDKROOT; };
		B795DCEA143E6FDA0034C624 /* en */ = {isa = PBXFileReference; lastKnownFileType = text.plist.strings; name = en; path = en.lproj/InfoPlist.strings; sourceTree = "<group>"; };
		B795DCEC143E6FDA0034C624 /* en */ = {isa = PBXFileReference; lastKnownFileType = file.xib; name = en; path = en.lproj/MainWindow.xib; sourceTree = "<group>"; };
		B795DCEE143E6FDA0034C624 /* en */ = {isa = PBXFileReference; lastKnownFileType = file.xib; name = en; path = en.lproj/TallyLabelExampleViewController.xib; sourceTree = "<group>"; };
		B795DCEF143E6FDA0034C624 /* main.m */ = {isa = PBXFileReference; fileEncoding = 4; lastKnownFileType = sourcecode.c.objc; path = main.m; sourceTree = "<group>"; };
		B795DCF0143E6FDA0034C624 /* TallyLabelExample-Info.plist */ = {isa = PBXFileReference; fileEncoding = 4; lastKnownFileType = text.plist.xml; path = "TallyLabelExample-Info.plist"; sourceTree = "<group>"; };
		B795DCF1143E6FDA0034C624 /* TallyLabelExample-Prefix.pch */ = {isa = PBXFileReference; fileEncoding = 4; lastKnownFileType = sourcecode.c.h; path = "TallyLabelExample-Prefix.pch"; sourceTree = "<group>"; };
		B795DCF2143E6FDA0034C624 /* TallyLabelExampleAppDelegate.h */ = {isa = PBXFileReference; fileEncoding = 4; lastKnownFileType = sourcecode.c.h; path = TallyLabelExampleAppDelegate.h; sourceTree = "<group>"; };
		B795DCF3143E6FDA0034C624 /* TallyLabelExampleAppDelegate.m */ = {isa = PBXFileReference; fileEncoding = 4; lastKnownFileType = sourcecode.c.objc; path = TallyLabelExampleAppDelegate.m; sourceTree = "<group>"; };
		B795DCF4143E6FDA0034C624 /* TallyLabelExampleViewController.h */ = {isa = PBXFileReference; fileEncoding = 4; lastKnownFileType = sourcecode.c.h; path = TallyLabelExampleViewController.h; sourceTree = "<group>"; };
		B795DCF5143E6FDA0034C624 /* TallyLabelExampleViewController.m */ = {isa = PBXFileReference; fileEncoding = 4; lastKnownFileType = sourcecode.c.objc; path = TallyLabelExampleViewController.m; sourceTree = "<group>"; };
		B7E6CEF814354B4900DC8AD2 /* TallyLabel.h */ = {isa = PBXFileReference; fileEncoding = 4; lastKnownFileType = sourcecode.c.h; name = TallyLabel.h; path = ../TallyLabel.h; sourceTree = "<group>"; };
		B7E6CEF914354B4900DC8AD2 /* TallyLabel.m */ = {isa = PBXFileReference; fileEncoding = 4; lastKnownFileType = sourcecode.c.objc; name = TallyLabel.m; path = ../TallyLabel.m; sourceTree = "<group>"; };
/* End PBXFileReference section */

/* Begin PBXFrameworksBuildPhase section */
		B7358B7D1433D36600B7EAFF /* Frameworks */ = {
			isa = PBXFrameworksBuildPhase;
			buildActionMask = 2147483647;
			files = (
				B7358B851433D36700B7EAFF /* UIKit.framework in Frameworks */,
				B7358B871433D36700B7EAFF /* Foundation.framework in Frameworks */,
				B7358B891433D36700B7EAFF /* CoreGraphics.framework in Frameworks */,
			);
			runOnlyForDeploymentPostprocessing = 0;
		};
/* End PBXFrameworksBuildPhase section */

/* Begin PBXGroup section */
		B7358B751433D36600B7EAFF = {
			isa = PBXGroup;
			children = (
				B7358BA71433D39400B7EAFF /* TallyLabel */,
				B795DCE8143E6FDA0034C624 /* example */,
				B7358B831433D36700B7EAFF /* Frameworks */,
				B7358B811433D36700B7EAFF /* Products */,
			);
			sourceTree = "<group>";
		};
		B7358B811433D36700B7EAFF /* Products */ = {
			isa = PBXGroup;
			children = (
				B7358B801433D36700B7EAFF /* TallyLabelExample.app */,
			);
			name = Products;
			sourceTree = "<group>";
		};
		B7358B831433D36700B7EAFF /* Frameworks */ = {
			isa = PBXGroup;
			children = (
				B7358B841433D36700B7EAFF /* UIKit.framework */,
				B7358B861433D36700B7EAFF /* Foundation.framework */,
				B7358B881433D36700B7EAFF /* CoreGraphics.framework */,
			);
			name = Frameworks;
			sourceTree = "<group>";
		};
		B7358BA71433D39400B7EAFF /* TallyLabel */ = {
			isa = PBXGroup;
			children = (
				B7E6CEF814354B4900DC8AD2 /* TallyLabel.h */,
				B7E6CEF914354B4900DC8AD2 /* TallyLabel.m */,
			);
			name = TallyLabel;
			sourceTree = "<group>";
		};
		B795DCE8143E6FDA0034C624 /* example */ = {
			isa = PBXGroup;
			children = (
				B795DCE9143E6FDA0034C624 /* InfoPlist.strings */,
				B795DCEB143E6FDA0034C624 /* MainWindow.xib */,
				B795DCED143E6FDA0034C624 /* TallyLabelExampleViewController.xib */,
				B795DCEF143E6FDA0034C624 /* main.m */,
				B795DCF0143E6FDA0034C624 /* TallyLabelExample-Info.plist */,
				B795DCF1143E6FDA0034C624 /* TallyLabelExample-Prefix.pch */,
				B795DCF2143E6FDA0034C624 /* TallyLabelExampleAppDelegate.h */,
				B795DCF3143E6FDA0034C624 /* TallyLabelExampleAppDelegate.m */,
				B795DCF4143E6FDA0034C624 /* TallyLabelExampleViewController.h */,
				B795DCF5143E6FDA0034C624 /* TallyLabelExampleViewController.m */,
			);
			path = example;
			sourceTree = "<group>";
		};
/* End PBXGroup section */

/* Begin PBXNativeTarget section */
		B7358B7F1433D36600B7EAFF /* TallyLabelExample */ = {
			isa = PBXNativeTarget;
			buildConfigurationList = B7358BA11433D36700B7EAFF /* Build configuration list for PBXNativeTarget "TallyLabelExample" */;
			buildPhases = (
				B7358B7C1433D36600B7EAFF /* Sources */,
				B7358B7D1433D36600B7EAFF /* Frameworks */,
				B7358B7E1433D36600B7EAFF /* Resources */,
			);
			buildRules = (
			);
			dependencies = (
			);
			name = TallyLabelExample;
			productName = CountingLabelExample;
			productReference = B7358B801433D36700B7EAFF /* TallyLabelExample.app */;
			productType = "com.apple.product-type.application";
		};
/* End PBXNativeTarget section */

/* Begin PBXProject section */
		B7358B771433D36600B7EAFF /* Project object */ = {
			isa = PBXProject;
			attributes = {
				ORGANIZATIONNAME = unit9.com;
			};
			buildConfigurationList = B7358B7A1433D36600B7EAFF /* Build configuration list for PBXProject "TallyLabelExample" */;
			compatibilityVersion = "Xcode 3.2";
			developmentRegion = English;
			hasScannedForEncodings = 0;
			knownRegions = (
				en,
			);
			mainGroup = B7358B751433D36600B7EAFF;
			productRefGroup = B7358B811433D36700B7EAFF /* Products */;
			projectDirPath = "";
			projectRoot = "";
			targets = (
				B7358B7F1433D36600B7EAFF /* TallyLabelExample */,
			);
		};
/* End PBXProject section */

/* Begin PBXResourcesBuildPhase section */
		B7358B7E1433D36600B7EAFF /* Resources */ = {
			isa = PBXResourcesBuildPhase;
			buildActionMask = 2147483647;
			files = (
				B795DCF6143E6FDA0034C624 /* InfoPlist.strings in Resources */,
				B795DCF7143E6FDA0034C624 /* MainWindow.xib in Resources */,
				B795DCF8143E6FDA0034C624 /* TallyLabelExampleViewController.xib in Resources */,
				B795DCFA143E6FDA0034C624 /* TallyLabelExample-Info.plist in Resources */,
			);
			runOnlyForDeploymentPostprocessing = 0;
		};
/* End PBXResourcesBuildPhase section */

/* Begin PBXSourcesBuildPhase section */
		B7358B7C1433D36600B7EAFF /* Sources */ = {
			isa = PBXSourcesBuildPhase;
			buildActionMask = 2147483647;
			files = (
				B7E6CEFA14354B4900DC8AD2 /* TallyLabel.m in Sources */,
				B795DCF9143E6FDA0034C624 /* main.m in Sources */,
				B795DCFB143E6FDA0034C624 /* TallyLabelExampleAppDelegate.m in Sources */,
				B795DCFC143E6FDA0034C624 /* TallyLabelExampleViewController.m in Sources */,
			);
			runOnlyForDeploymentPostprocessing = 0;
		};
/* End PBXSourcesBuildPhase section */

/* Begin PBXVariantGroup section */
		B795DCE9143E6FDA0034C624 /* InfoPlist.strings */ = {
			isa = PBXVariantGroup;
			children = (
				B795DCEA143E6FDA0034C624 /* en */,
			);
			name = InfoPlist.strings;
			sourceTree = "<group>";
		};
		B795DCEB143E6FDA0034C624 /* MainWindow.xib */ = {
			isa = PBXVariantGroup;
			children = (
				B795DCEC143E6FDA0034C624 /* en */,
			);
			name = MainWindow.xib;
			sourceTree = "<group>";
		};
		B795DCED143E6FDA0034C624 /* TallyLabelExampleViewController.xib */ = {
			isa = PBXVariantGroup;
			children = (
				B795DCEE143E6FDA0034C624 /* en */,
			);
			name = TallyLabelExampleViewController.xib;
			sourceTree = "<group>";
		};
/* End PBXVariantGroup section */

/* Begin XCBuildConfiguration section */
		B7358B9F1433D36700B7EAFF /* Debug */ = {
			isa = XCBuildConfiguration;
			buildSettings = {
				ALWAYS_SEARCH_USER_PATHS = NO;
				ARCHS = "$(ARCHS_STANDARD_32_BIT)";
				"CODE_SIGN_IDENTITY[sdk=iphoneos*]" = "iPhone Developer";
				COPY_PHASE_STRIP = NO;
				GCC_C_LANGUAGE_STANDARD = gnu99;
				GCC_DYNAMIC_NO_PIC = NO;
				GCC_OPTIMIZATION_LEVEL = 0;
				GCC_PREPROCESSOR_DEFINITIONS = (
					"DEBUG=1",
					"$(inherited)",
				);
				GCC_SYMBOLS_PRIVATE_EXTERN = NO;
				GCC_VERSION = com.apple.compilers.llvmgcc42;
				GCC_WARN_ABOUT_MISSING_PROTOTYPES = YES;
				GCC_WARN_ABOUT_RETURN_TYPE = YES;
				GCC_WARN_UNUSED_VARIABLE = YES;
				IPHONEOS_DEPLOYMENT_TARGET = 4.3;
				SDKROOT = iphoneos;
			};
			name = Debug;
		};
		B7358BA01433D36700B7EAFF /* Release */ = {
			isa = XCBuildConfiguration;
			buildSettings = {
				ALWAYS_SEARCH_USER_PATHS = NO;
				ARCHS = "$(ARCHS_STANDARD_32_BIT)";
				"CODE_SIGN_IDENTITY[sdk=iphoneos*]" = "iPhone Developer";
				COPY_PHASE_STRIP = YES;
				GCC_C_LANGUAGE_STANDARD = gnu99;
				GCC_VERSION = com.apple.compilers.llvmgcc42;
				GCC_WARN_ABOUT_MISSING_PROTOTYPES = YES;
				GCC_WARN_ABOUT_RETURN_TYPE = YES;
				GCC_WARN_UNUSED_VARIABLE = YES;
				IPHONEOS_DEPLOYMENT_TARGET = 4.3;
				OTHER_CFLAGS = "-DNS_BLOCK_ASSERTIONS=1";
				SDKROOT = iphoneos;
				VALIDATE_PRODUCT = YES;
			};
			name = Release;
		};
		B7358BA21433D36700B7EAFF /* Debug */ = {
			isa = XCBuildConfiguration;
			buildSettings = {
				GCC_PRECOMPILE_PREFIX_HEADER = YES;
				GCC_PREFIX_HEADER = "example/TallyLabelExample-Prefix.pch";
				INFOPLIST_FILE = "example/TallyLabelExample-Info.plist";
				PRODUCT_NAME = TallyLabelExample;
				WRAPPER_EXTENSION = app;
			};
			name = Debug;
		};
		B7358BA31433D36700B7EAFF /* Release */ = {
			isa = XCBuildConfiguration;
			buildSettings = {
				GCC_PRECOMPILE_PREFIX_HEADER = YES;
				GCC_PREFIX_HEADER = "example/TallyLabelExample-Prefix.pch";
				INFOPLIST_FILE = "example/TallyLabelExample-Info.plist";
				PRODUCT_NAME = TallyLabelExample;
				WRAPPER_EXTENSION = app;
			};
			name = Release;
		};
/* End XCBuildConfiguration section */

/* Begin XCConfigurationList section */
		B7358B7A1433D36600B7EAFF /* Build configuration list for PBXProject "TallyLabelExample" */ = {
			isa = XCConfigurationList;
			buildConfigurations = (
				B7358B9F1433D36700B7EAFF /* Debug */,
				B7358BA01433D36700B7EAFF /* Release */,
			);
			defaultConfigurationIsVisible = 0;
			defaultConfigurationName = Release;
		};
		B7358BA11433D36700B7EAFF /* Build configuration list for PBXNativeTarget "TallyLabelExample" */ = {
			isa = XCConfigurationList;
			buildConfigurations = (
				B7358BA21433D36700B7EAFF /* Debug */,
				B7358BA31433D36700B7EAFF /* Release */,
			);
			defaultConfigurationIsVisible = 0;
			defaultConfigurationName = Release;
		};
/* End XCConfigurationList section */
	};
	rootObject = B7358B771433D36600B7EAFF /* Project object */;
}
