// !$*UTF8*$!
{
	archiveVersion = 1;
	classes = {
	};
	objectVersion = 46;
	objects = {

/* Begin PBXBuildFile section */
		B7358B851433D36700B7EAFF /* UIKit.framework in Frameworks */ = {isa = PBXBuildFile; fileRef = B7358B841433D36700B7EAFF /* UIKit.framework */; };
		B7358B871433D36700B7EAFF /* Foundation.framework in Frameworks */ = {isa = PBXBuildFile; fileRef = B7358B861433D36700B7EAFF /* Foundation.framework */; };
		B7358B891433D36700B7EAFF /* CoreGraphics.framework in Frameworks */ = {isa = PBXBuildFile; fileRef = B7358B881433D36700B7EAFF /* CoreGraphics.framework */; };
		B7358B8F1433D36700B7EAFF /* InfoPlist.strings in Resources */ = {isa = PBXBuildFile; fileRef = B7358B8D1433D36700B7EAFF /* InfoPlist.strings */; };
		B7358B911433D36700B7EAFF /* main.m in Sources */ = {isa = PBXBuildFile; fileRef = B7358B901433D36700B7EAFF /* main.m */; };
		B7358B951433D36700B7EAFF /* CountingLabelExampleAppDelegate.m in Sources */ = {isa = PBXBuildFile; fileRef = B7358B941433D36700B7EAFF /* CountingLabelExampleAppDelegate.m */; };
		B7358B981433D36700B7EAFF /* MainWindow.xib in Resources */ = {isa = PBXBuildFile; fileRef = B7358B961433D36700B7EAFF /* MainWindow.xib */; };
		B7358B9B1433D36700B7EAFF /* CountingLabelExampleViewController.m in Sources */ = {isa = PBXBuildFile; fileRef = B7358B9A1433D36700B7EAFF /* CountingLabelExampleViewController.m */; };
		B7358B9E1433D36700B7EAFF /* CountingLabelExampleViewController.xib in Resources */ = {isa = PBXBuildFile; fileRef = B7358B9C1433D36700B7EAFF /* CountingLabelExampleViewController.xib */; };
		B7E6CEFA14354B4900DC8AD2 /* CountingLabel.m in Sources */ = {isa = PBXBuildFile; fileRef = B7E6CEF914354B4900DC8AD2 /* CountingLabel.m */; };
/* End PBXBuildFile section */

/* Begin PBXFileReference section */
		B7358B801433D36700B7EAFF /* CountingLabelExample.app */ = {isa = PBXFileReference; explicitFileType = wrapper.application; includeInIndex = 0; path = CountingLabelExample.app; sourceTree = BUILT_PRODUCTS_DIR; };
		B7358B841433D36700B7EAFF /* UIKit.framework */ = {isa = PBXFileReference; lastKnownFileType = wrapper.framework; name = UIKit.framework; path = System/Library/Frameworks/UIKit.framework; sourceTree = SDKROOT; };
		B7358B861433D36700B7EAFF /* Foundation.framework */ = {isa = PBXFileReference; lastKnownFileType = wrapper.framework; name = Foundation.framework; path = System/Library/Frameworks/Foundation.framework; sourceTree = SDKROOT; };
		B7358B881433D36700B7EAFF /* CoreGraphics.framework */ = {isa = PBXFileReference; lastKnownFileType = wrapper.framework; name = CoreGraphics.framework; path = System/Library/Frameworks/CoreGraphics.framework; sourceTree = SDKROOT; };
		B7358B8C1433D36700B7EAFF /* CountingLabelExample-Info.plist */ = {isa = PBXFileReference; lastKnownFileType = text.plist.xml; path = "CountingLabelExample-Info.plist"; sourceTree = "<group>"; };
		B7358B8E1433D36700B7EAFF /* en */ = {isa = PBXFileReference; lastKnownFileType = text.plist.strings; name = en; path = en.lproj/InfoPlist.strings; sourceTree = "<group>"; };
		B7358B901433D36700B7EAFF /* main.m */ = {isa = PBXFileReference; lastKnownFileType = sourcecode.c.objc; path = main.m; sourceTree = "<group>"; };
		B7358B921433D36700B7EAFF /* CountingLabelExample-Prefix.pch */ = {isa = PBXFileReference; lastKnownFileType = sourcecode.c.h; path = "CountingLabelExample-Prefix.pch"; sourceTree = "<group>"; };
		B7358B931433D36700B7EAFF /* CountingLabelExampleAppDelegate.h */ = {isa = PBXFileReference; lastKnownFileType = sourcecode.c.h; path = CountingLabelExampleAppDelegate.h; sourceTree = "<group>"; };
		B7358B941433D36700B7EAFF /* CountingLabelExampleAppDelegate.m */ = {isa = PBXFileReference; lastKnownFileType = sourcecode.c.objc; path = CountingLabelExampleAppDelegate.m; sourceTree = "<group>"; };
		B7358B971433D36700B7EAFF /* en */ = {isa = PBXFileReference; lastKnownFileType = file.xib; name = en; path = en.lproj/MainWindow.xib; sourceTree = "<group>"; };
		B7358B991433D36700B7EAFF /* CountingLabelExampleViewController.h */ = {isa = PBXFileReference; lastKnownFileType = sourcecode.c.h; path = CountingLabelExampleViewController.h; sourceTree = "<group>"; };
		B7358B9A1433D36700B7EAFF /* CountingLabelExampleViewController.m */ = {isa = PBXFileReference; lastKnownFileType = sourcecode.c.objc; path = CountingLabelExampleViewController.m; sourceTree = "<group>"; };
		B7358B9D1433D36700B7EAFF /* en */ = {isa = PBXFileReference; lastKnownFileType = file.xib; name = en; path = en.lproj/CountingLabelExampleViewController.xib; sourceTree = "<group>"; };
		B7E6CEF814354B4900DC8AD2 /* CountingLabel.h */ = {isa = PBXFileReference; fileEncoding = 4; lastKnownFileType = sourcecode.c.h; name = CountingLabel.h; path = ../CountingLabel.h; sourceTree = "<group>"; };
		B7E6CEF914354B4900DC8AD2 /* CountingLabel.m */ = {isa = PBXFileReference; fileEncoding = 4; lastKnownFileType = sourcecode.c.objc; name = CountingLabel.m; path = ../CountingLabel.m; sourceTree = "<group>"; };
/* End PBXFileReference section */

/* Begin PBXFrameworksBuildPhase section */
		B7358B7D1433D36600B7EAFF /* Frameworks */ = {
			isa = PBXFrameworksBuildPhase;
			buildActionMask = 2147483647;
			files = (
				B7358B851433D36700B7EAFF /* UIKit.framework in Frameworks */,
				B7358B871433D36700B7EAFF /* Foundation.framework in Frameworks */,
				B7358B891433D36700B7EAFF /* CoreGraphics.framework in Frameworks */,
			);
			runOnlyForDeploymentPostprocessing = 0;
		};
/* End PBXFrameworksBuildPhase section */

/* Begin PBXGroup section */
		B7358B751433D36600B7EAFF = {
			isa = PBXGroup;
			children = (
				B7358BA71433D39400B7EAFF /* CountingLabel */,
				B7358B8A1433D36700B7EAFF /* CountingLabelExample */,
				B7358B831433D36700B7EAFF /* Frameworks */,
				B7358B811433D36700B7EAFF /* Products */,
			);
			sourceTree = "<group>";
		};
		B7358B811433D36700B7EAFF /* Products */ = {
			isa = PBXGroup;
			children = (
				B7358B801433D36700B7EAFF /* CountingLabelExample.app */,
			);
			name = Products;
			sourceTree = "<group>";
		};
		B7358B831433D36700B7EAFF /* Frameworks */ = {
			isa = PBXGroup;
			children = (
				B7358B841433D36700B7EAFF /* UIKit.framework */,
				B7358B861433D36700B7EAFF /* Foundation.framework */,
				B7358B881433D36700B7EAFF /* CoreGraphics.framework */,
			);
			name = Frameworks;
			sourceTree = "<group>";
		};
		B7358B8A1433D36700B7EAFF /* CountingLabelExample */ = {
			isa = PBXGroup;
			children = (
				B7358B931433D36700B7EAFF /* CountingLabelExampleAppDelegate.h */,
				B7358B941433D36700B7EAFF /* CountingLabelExampleAppDelegate.m */,
				B7358B961433D36700B7EAFF /* MainWindow.xib */,
				B7358B991433D36700B7EAFF /* CountingLabelExampleViewController.h */,
				B7358B9A1433D36700B7EAFF /* CountingLabelExampleViewController.m */,
				B7358B9C1433D36700B7EAFF /* CountingLabelExampleViewController.xib */,
				B7358B8B1433D36700B7EAFF /* Supporting Files */,
			);
			path = CountingLabelExample;
			sourceTree = "<group>";
		};
		B7358B8B1433D36700B7EAFF /* Supporting Files */ = {
			isa = PBXGroup;
			children = (
				B7358B8C1433D36700B7EAFF /* CountingLabelExample-Info.plist */,
				B7358B8D1433D36700B7EAFF /* InfoPlist.strings */,
				B7358B901433D36700B7EAFF /* main.m */,
				B7358B921433D36700B7EAFF /* CountingLabelExample-Prefix.pch */,
			);
			name = "Supporting Files";
			sourceTree = "<group>";
		};
		B7358BA71433D39400B7EAFF /* CountingLabel */ = {
			isa = PBXGroup;
			children = (
				B7E6CEF814354B4900DC8AD2 /* CountingLabel.h */,
				B7E6CEF914354B4900DC8AD2 /* CountingLabel.m */,
			);
			name = CountingLabel;
			sourceTree = "<group>";
		};
/* End PBXGroup section */

/* Begin PBXNativeTarget section */
		B7358B7F1433D36600B7EAFF /* CountingLabelExample */ = {
			isa = PBXNativeTarget;
			buildConfigurationList = B7358BA11433D36700B7EAFF /* Build configuration list for PBXNativeTarget "CountingLabelExample" */;
			buildPhases = (
				B7358B7C1433D36600B7EAFF /* Sources */,
				B7358B7D1433D36600B7EAFF /* Frameworks */,
				B7358B7E1433D36600B7EAFF /* Resources */,
			);
			buildRules = (
			);
			dependencies = (
			);
			name = CountingLabelExample;
			productName = CountingLabelExample;
			productReference = B7358B801433D36700B7EAFF /* CountingLabelExample.app */;
			productType = "com.apple.product-type.application";
		};
/* End PBXNativeTarget section */

/* Begin PBXProject section */
		B7358B771433D36600B7EAFF /* Project object */ = {
			isa = PBXProject;
			attributes = {
				ORGANIZATIONNAME = unit9.com;
			};
			buildConfigurationList = B7358B7A1433D36600B7EAFF /* Build configuration list for PBXProject "CountingLabelExample" */;
			compatibilityVersion = "Xcode 3.2";
			developmentRegion = English;
			hasScannedForEncodings = 0;
			knownRegions = (
				en,
			);
			mainGroup = B7358B751433D36600B7EAFF;
			productRefGroup = B7358B811433D36700B7EAFF /* Products */;
			projectDirPath = "";
			projectRoot = "";
			targets = (
				B7358B7F1433D36600B7EAFF /* CountingLabelExample */,
			);
		};
/* End PBXProject section */

/* Begin PBXResourcesBuildPhase section */
		B7358B7E1433D36600B7EAFF /* Resources */ = {
			isa = PBXResourcesBuildPhase;
			buildActionMask = 2147483647;
			files = (
				B7358B8F1433D36700B7EAFF /* InfoPlist.strings in Resources */,
				B7358B981433D36700B7EAFF /* MainWindow.xib in Resources */,
				B7358B9E1433D36700B7EAFF /* CountingLabelExampleViewController.xib in Resources */,
			);
			runOnlyForDeploymentPostprocessing = 0;
		};
/* End PBXResourcesBuildPhase section */

/* Begin PBXSourcesBuildPhase section */
		B7358B7C1433D36600B7EAFF /* Sources */ = {
			isa = PBXSourcesBuildPhase;
			buildActionMask = 2147483647;
			files = (
				B7358B911433D36700B7EAFF /* main.m in Sources */,
				B7358B951433D36700B7EAFF /* CountingLabelExampleAppDelegate.m in Sources */,
				B7358B9B1433D36700B7EAFF /* CountingLabelExampleViewController.m in Sources */,
				B7E6CEFA14354B4900DC8AD2 /* CountingLabel.m in Sources */,
			);
			runOnlyForDeploymentPostprocessing = 0;
		};
/* End PBXSourcesBuildPhase section */

/* Begin PBXVariantGroup section */
		B7358B8D1433D36700B7EAFF /* InfoPlist.strings */ = {
			isa = PBXVariantGroup;
			children = (
				B7358B8E1433D36700B7EAFF /* en */,
			);
			name = InfoPlist.strings;
			sourceTree = "<group>";
		};
		B7358B961433D36700B7EAFF /* MainWindow.xib */ = {
			isa = PBXVariantGroup;
			children = (
				B7358B971433D36700B7EAFF /* en */,
			);
			name = MainWindow.xib;
			sourceTree = "<group>";
		};
		B7358B9C1433D36700B7EAFF /* CountingLabelExampleViewController.xib */ = {
			isa = PBXVariantGroup;
			children = (
				B7358B9D1433D36700B7EAFF /* en */,
			);
			name = CountingLabelExampleViewController.xib;
			sourceTree = "<group>";
		};
/* End PBXVariantGroup section */

/* Begin XCBuildConfiguration section */
		B7358B9F1433D36700B7EAFF /* Debug */ = {
			isa = XCBuildConfiguration;
			buildSettings = {
				ALWAYS_SEARCH_USER_PATHS = NO;
				ARCHS = "$(ARCHS_STANDARD_32_BIT)";
				"CODE_SIGN_IDENTITY[sdk=iphoneos*]" = "iPhone Developer";
				COPY_PHASE_STRIP = NO;
				GCC_C_LANGUAGE_STANDARD = gnu99;
				GCC_DYNAMIC_NO_PIC = NO;
				GCC_OPTIMIZATION_LEVEL = 0;
				GCC_PREPROCESSOR_DEFINITIONS = (
					"DEBUG=1",
					"$(inherited)",
				);
				GCC_SYMBOLS_PRIVATE_EXTERN = NO;
				GCC_VERSION = com.apple.compilers.llvmgcc42;
				GCC_WARN_ABOUT_MISSING_PROTOTYPES = YES;
				GCC_WARN_ABOUT_RETURN_TYPE = YES;
				GCC_WARN_UNUSED_VARIABLE = YES;
				IPHONEOS_DEPLOYMENT_TARGET = 4.3;
				SDKROOT = iphoneos;
			};
			name = Debug;
		};
		B7358BA01433D36700B7EAFF /* Release */ = {
			isa = XCBuildConfiguration;
			buildSettings = {
				ALWAYS_SEARCH_USER_PATHS = NO;
				ARCHS = "$(ARCHS_STANDARD_32_BIT)";
				"CODE_SIGN_IDENTITY[sdk=iphoneos*]" = "iPhone Developer";
				COPY_PHASE_STRIP = YES;
				GCC_C_LANGUAGE_STANDARD = gnu99;
				GCC_VERSION = com.apple.compilers.llvmgcc42;
				GCC_WARN_ABOUT_MISSING_PROTOTYPES = YES;
				GCC_WARN_ABOUT_RETURN_TYPE = YES;
				GCC_WARN_UNUSED_VARIABLE = YES;
				IPHONEOS_DEPLOYMENT_TARGET = 4.3;
				OTHER_CFLAGS = "-DNS_BLOCK_ASSERTIONS=1";
				SDKROOT = iphoneos;
				VALIDATE_PRODUCT = YES;
			};
			name = Release;
		};
		B7358BA21433D36700B7EAFF /* Debug */ = {
			isa = XCBuildConfiguration;
			buildSettings = {
				GCC_PRECOMPILE_PREFIX_HEADER = YES;
				GCC_PREFIX_HEADER = "CountingLabelExample/CountingLabelExample-Prefix.pch";
				INFOPLIST_FILE = "CountingLabelExample/CountingLabelExample-Info.plist";
				PRODUCT_NAME = "$(TARGET_NAME)";
				WRAPPER_EXTENSION = app;
			};
			name = Debug;
		};
		B7358BA31433D36700B7EAFF /* Release */ = {
			isa = XCBuildConfiguration;
			buildSettings = {
				GCC_PRECOMPILE_PREFIX_HEADER = YES;
				GCC_PREFIX_HEADER = "CountingLabelExample/CountingLabelExample-Prefix.pch";
				INFOPLIST_FILE = "CountingLabelExample/CountingLabelExample-Info.plist";
				PRODUCT_NAME = "$(TARGET_NAME)";
				WRAPPER_EXTENSION = app;
			};
			name = Release;
		};
/* End XCBuildConfiguration section */

/* Begin XCConfigurationList section */
		B7358B7A1433D36600B7EAFF /* Build configuration list for PBXProject "CountingLabelExample" */ = {
			isa = XCConfigurationList;
			buildConfigurations = (
				B7358B9F1433D36700B7EAFF /* Debug */,
				B7358BA01433D36700B7EAFF /* Release */,
			);
			defaultConfigurationIsVisible = 0;
			defaultConfigurationName = Release;
		};
		B7358BA11433D36700B7EAFF /* Build configuration list for PBXNativeTarget "CountingLabelExample" */ = {
			isa = XCConfigurationList;
			buildConfigurations = (
				B7358BA21433D36700B7EAFF /* Debug */,
				B7358BA31433D36700B7EAFF /* Release */,
			);
			defaultConfigurationIsVisible = 0;
			defaultConfigurationName = Release;
		};
/* End XCConfigurationList section */
	};
	rootObject = B7358B771433D36600B7EAFF /* Project object */;
}
